{
  "object": {
    "pins": [
      {
        "package": "DSWaveformImage",
        "repositoryURL": "https://github.com/dmrschmidt/DSWaveformImage",
        "state": {
          "branch": "main",
          "revision": "e0f4caa6a8c1bb168df8d4194b46d6bd12d5878e",
          "version": null
        }
      }
    ]
  },
  "version": 1
}
